
Microsoft Visual Studio Solution File, Format Version 12.00
# Visual Studio Version 17
VisualStudioVersion = 17.3.32922.545
MinimumVisualStudioVersion = 10.0.40219.1
Project("{FAE04EC0-301F-11D3-BF4B-00C04F79EFBC}") = "ClassIntro", "ClassIntro\ClassIntro.csproj", "{CD07836E-AD4B-4307-B198-ED80D3B6C1C5}"
EndProject
Project("{FAE04EC0-301F-11D3-BF4B-00C04F79EFBC}") = "Methods", "Metods\Methods.csproj", "{2E0DC50A-4B0E-4A7F-B862-79D144B59114}"
EndProject
Project("{FAE04EC0-301F-11D3-BF4B-00C04F79EFBC}") = "DegerVeReferansTipler", "DegerVeReferansTipler\DegerVeReferansTipler.csproj", "{2F968EFF-B564-4A50-89EB-2C512339A2FE}"
EndProject
Project("{FAE04EC0-301F-11D3-BF4B-00C04F79EFBC}") = "ClassMethodDemo", "ClassMethodDemo\ClassMethodDemo.csproj", "{89F9BCF9-1769-40D1-BA54-97F22973383F}"
EndProject
Project("{FAE04EC0-301F-11D3-BF4B-00C04F79EFBC}") = "OOP1", "OOP1\OOP1.csproj", "{CF11A2B7-3B8B-48D2-B204-1BFEB68BE1DF}"
EndProject
Project("{FAE04EC0-301F-11D3-BF4B-00C04F79EFBC}") = "Collections", "Collections\Collections.csproj", "{6B83683F-05F1-4ECF-9528-A56899F88348}"
EndProject
Project("{FAE04EC0-301F-11D3-BF4B-00C04F79EFBC}") = "GenericsIntro", "GenericsIntro\GenericsIntro.csproj", "{E083C9DF-D524-484D-9664-4D764EC7CC44}"
EndProject
Global
	GlobalSection(SolutionConfigurationPlatforms) = preSolution
		Debug|Any CPU = Debug|Any CPU
		Release|Any CPU = Release|Any CPU
	EndGlobalSection
	GlobalSection(ProjectConfigurationPlatforms) = postSolution
		{CD07836E-AD4B-4307-B198-ED80D3B6C1C5}.Debug|Any CPU.ActiveCfg = Debug|Any CPU
		{CD07836E-AD4B-4307-B198-ED80D3B6C1C5}.Debug|Any CPU.Build.0 = Debug|Any CPU
		{CD07836E-AD4B-4307-B198-ED80D3B6C1C5}.Release|Any CPU.ActiveCfg = Release|Any CPU
		{CD07836E-AD4B-4307-B198-ED80D3B6C1C5}.Release|Any CPU.Build.0 = Release|Any CPU
		{2E0DC50A-4B0E-4A7F-B862-79D144B59114}.Debug|Any CPU.ActiveCfg = Debug|Any CPU
		{2E0DC50A-4B0E-4A7F-B862-79D144B59114}.Debug|Any CPU.Build.0 = Debug|Any CPU
		{2E0DC50A-4B0E-4A7F-B862-79D144B59114}.Release|Any CPU.ActiveCfg = Release|Any CPU
		{2E0DC50A-4B0E-4A7F-B862-79D144B59114}.Release|Any CPU.Build.0 = Release|Any CPU
		{2F968EFF-B564-4A50-89EB-2C512339A2FE}.Debug|Any CPU.ActiveCfg = Debug|Any CPU
		{2F968EFF-B564-4A50-89EB-2C512339A2FE}.Debug|Any CPU.Build.0 = Debug|Any CPU
		{2F968EFF-B564-4A50-89EB-2C512339A2FE}.Release|Any CPU.ActiveCfg = Release|Any CPU
		{2F968EFF-B564-4A50-89EB-2C512339A2FE}.Release|Any CPU.Build.0 = Release|Any CPU
		{89F9BCF9-1769-40D1-BA54-97F22973383F}.Debug|Any CPU.ActiveCfg = Debug|Any CPU
		{89F9BCF9-1769-40D1-BA54-97F22973383F}.Debug|Any CPU.Build.0 = Debug|Any CPU
		{89F9BCF9-1769-40D1-BA54-97F22973383F}.Release|Any CPU.ActiveCfg = Release|Any CPU
		{89F9BCF9-1769-40D1-BA54-97F22973383F}.Release|Any CPU.Build.0 = Release|Any CPU
		{CF11A2B7-3B8B-48D2-B204-1BFEB68BE1DF}.Debug|Any CPU.ActiveCfg = Debug|Any CPU
		{CF11A2B7-3B8B-48D2-B204-1BFEB68BE1DF}.Debug|Any CPU.Build.0 = Debug|Any CPU
		{CF11A2B7-3B8B-48D2-B204-1BFEB68BE1DF}.Release|Any CPU.ActiveCfg = Release|Any CPU
		{CF11A2B7-3B8B-48D2-B204-1BFEB68BE1DF}.Release|Any CPU.Build.0 = Release|Any CPU
		{6B83683F-05F1-4ECF-9528-A56899F88348}.Debug|Any CPU.ActiveCfg = Debug|Any CPU
		{6B83683F-05F1-4ECF-9528-A56899F88348}.Debug|Any CPU.Build.0 = Debug|Any CPU
		{6B83683F-05F1-4ECF-9528-A56899F88348}.Release|Any CPU.ActiveCfg = Release|Any CPU
		{6B83683F-05F1-4ECF-9528-A56899F88348}.Release|Any CPU.Build.0 = Release|Any CPU
		{E083C9DF-D524-484D-9664-4D764EC7CC44}.Debug|Any CPU.ActiveCfg = Debug|Any CPU
		{E083C9DF-D524-484D-9664-4D764EC7CC44}.Debug|Any CPU.Build.0 = Debug|Any CPU
		{E083C9DF-D524-484D-9664-4D764EC7CC44}.Release|Any CPU.ActiveCfg = Release|Any CPU
		{E083C9DF-D524-484D-9664-4D764EC7CC44}.Release|Any CPU.Build.0 = Release|Any CPU
	EndGlobalSection
	GlobalSection(SolutionProperties) = preSolution
		HideSolutionNode = FALSE
	EndGlobalSection
	GlobalSection(ExtensibilityGlobals) = postSolution
		SolutionGuid = {F14C6694-6043-4FA0-9A82-548F5989B850}
	EndGlobalSection
EndGlobal
